PODS:
  - Alamofire (4.9.1)
  - Realm (4.3.2):
    - Realm/Headers (= 4.3.2)
  - Realm/Headers (4.3.2)
  - RealmSwift (4.3.2):
    - Realm (= 4.3.2)
  - RxCocoa (5.0.1):
    - RxRelay (~> 5)
    - RxSwift (~> 5)
  - RxRelay (5.0.1):
    - RxSwift (~> 5)
  - RxSwift (5.0.1)
  - SDWebImage (5.5.2):
    - SDWebImage/Core (= 5.5.2)
  - SDWebImage/Core (5.5.2)
  - SwiftyJSON (4.3.0)

DEPENDENCIES:
  - Alamofire
  - RealmSwift
  - RxCocoa (~> 5)
  - RxSwift (~> 5)
  - SDWebImage (~> 5.0)
  - SwiftyJSON (~> 4.0)

SPEC REPOS:
  trunk:
    - Alamofire
    - Realm
    - RealmSwift
    - RxCocoa
    - RxRelay
    - RxSwift
    - SDWebImage
    - SwiftyJSON

SPEC CHECKSUMS:
  Alamofire: 85e8a02c69d6020a0d734f6054870d7ecb75cf18
  Realm: 5e92902e2875dff4bb0fd02f67bb737c3d5db2bc
  RealmSwift: 9a360fc7bae04fc2e308a34fbd899d5faa2d6b22
  RxCocoa: e741b9749968e8a143e2b787f1dfbff2b63d0a5c
  RxRelay: 89d54507f4fd4d969e6ec1d4bd7f3673640b4640
  RxSwift: e2dc62b366a3adf6a0be44ba9f405efd4c94e0c4
  SDWebImage: 4d5c027c935438f341ed33dbac53ff9f479922ca
  SwiftyJSON: 6faa0040f8b59dead0ee07436cbf76b73c08fd08

PODFILE CHECKSUM: 8cade7d28a1a61b9dea94a297e14ede491490b55

COCOAPODS: 1.8.4
